
Microsoft Visual Studio Solution File, Format Version 12.00
# Visual Studio 15
VisualStudioVersion = 15.0.27428.2011
MinimumVisualStudioVersion = 10.0.40219.1
Project("{FAE04EC0-301F-11D3-BF4B-00C04F79EFBC}") = "Client", "Client\Client.csproj", "{0EA0B9F6-54A8-4B7C-B29D-838B01321463}"
EndProject
Project("{FAE04EC0-301F-11D3-BF4B-00C04F79EFBC}") = "WCFServer", "WCFServer\WCFServer.csproj", "{4D36D738-D885-432E-B9F6-BA1F95A07E2A}"
EndProject
Project("{E24C65DC-7377-472B-9ABA-BC803B73C61A}") = "WebPortal", "WebPortal\", "{42362246-F901-4BDB-B7A5-1F713DF56C75}"
	ProjectSection(WebsiteProperties) = preProject
		TargetFrameworkMoniker = ".NETFramework,Version%3Dv4.6.1"
		ProjectReferences = "{154bfe8b-583b-42d6-8aba-fa5d0bee9657}|DAL.dll;{453485fc-b3a0-48a3-99e9-02860fc0d18e}|Entities.dll;"
		Debug.AspNetCompiler.VirtualPath = "/localhost_49852"
		Debug.AspNetCompiler.PhysicalPath = "WebPortal\"
		Debug.AspNetCompiler.TargetPath = "PrecompiledWeb\localhost_49852\"
		Debug.AspNetCompiler.Updateable = "true"
		Debug.AspNetCompiler.ForceOverwrite = "true"
		Debug.AspNetCompiler.FixedNames = "false"
		Debug.AspNetCompiler.Debug = "True"
		Release.AspNetCompiler.VirtualPath = "/localhost_49852"
		Release.AspNetCompiler.PhysicalPath = "WebPortal\"
		Release.AspNetCompiler.TargetPath = "PrecompiledWeb\localhost_49852\"
		Release.AspNetCompiler.Updateable = "true"
		Release.AspNetCompiler.ForceOverwrite = "true"
		Release.AspNetCompiler.FixedNames = "false"
		Release.AspNetCompiler.Debug = "False"
		VWDPort = "49852"
		SlnRelativePath = "WebPortal\"
		DefaultWebSiteLanguage = "Visual C#"
	EndProjectSection
EndProject
Project("{FAE04EC0-301F-11D3-BF4B-00C04F79EFBC}") = "DAL", "DAL\DAL.csproj", "{154BFE8B-583B-42D6-8ABA-FA5D0BEE9657}"
EndProject
Project("{FAE04EC0-301F-11D3-BF4B-00C04F79EFBC}") = "Entities", "Entities\Entities.csproj", "{453485FC-B3A0-48A3-99E9-02860FC0D18E}"
EndProject
Project("{FAE04EC0-301F-11D3-BF4B-00C04F79EFBC}") = "ClientTest", "ClienTest\ClientTest.csproj", "{D9AB7BAC-B475-4239-B3A5-D4EAFEBA2A85}"
EndProject
Project("{FAE04EC0-301F-11D3-BF4B-00C04F79EFBC}") = "SharedObjects", "SharedObjects\SharedObjects.csproj", "{A58DB32F-BE1A-4843-A455-9DF1960EEE62}"
EndProject
Global
	GlobalSection(SolutionConfigurationPlatforms) = preSolution
		Debug|Any CPU = Debug|Any CPU
		Release|Any CPU = Release|Any CPU
	EndGlobalSection
	GlobalSection(ProjectConfigurationPlatforms) = postSolution
		{0EA0B9F6-54A8-4B7C-B29D-838B01321463}.Debug|Any CPU.ActiveCfg = Debug|Any CPU
		{0EA0B9F6-54A8-4B7C-B29D-838B01321463}.Debug|Any CPU.Build.0 = Debug|Any CPU
		{0EA0B9F6-54A8-4B7C-B29D-838B01321463}.Release|Any CPU.ActiveCfg = Release|Any CPU
		{0EA0B9F6-54A8-4B7C-B29D-838B01321463}.Release|Any CPU.Build.0 = Release|Any CPU
		{4D36D738-D885-432E-B9F6-BA1F95A07E2A}.Debug|Any CPU.ActiveCfg = Debug|Any CPU
		{4D36D738-D885-432E-B9F6-BA1F95A07E2A}.Debug|Any CPU.Build.0 = Debug|Any CPU
		{4D36D738-D885-432E-B9F6-BA1F95A07E2A}.Release|Any CPU.ActiveCfg = Release|Any CPU
		{4D36D738-D885-432E-B9F6-BA1F95A07E2A}.Release|Any CPU.Build.0 = Release|Any CPU
		{42362246-F901-4BDB-B7A5-1F713DF56C75}.Debug|Any CPU.ActiveCfg = Debug|Any CPU
		{42362246-F901-4BDB-B7A5-1F713DF56C75}.Debug|Any CPU.Build.0 = Debug|Any CPU
		{42362246-F901-4BDB-B7A5-1F713DF56C75}.Release|Any CPU.ActiveCfg = Debug|Any CPU
		{42362246-F901-4BDB-B7A5-1F713DF56C75}.Release|Any CPU.Build.0 = Debug|Any CPU
		{154BFE8B-583B-42D6-8ABA-FA5D0BEE9657}.Debug|Any CPU.ActiveCfg = Debug|Any CPU
		{154BFE8B-583B-42D6-8ABA-FA5D0BEE9657}.Debug|Any CPU.Build.0 = Debug|Any CPU
		{154BFE8B-583B-42D6-8ABA-FA5D0BEE9657}.Release|Any CPU.ActiveCfg = Release|Any CPU
		{154BFE8B-583B-42D6-8ABA-FA5D0BEE9657}.Release|Any CPU.Build.0 = Release|Any CPU
		{453485FC-B3A0-48A3-99E9-02860FC0D18E}.Debug|Any CPU.ActiveCfg = Debug|Any CPU
		{453485FC-B3A0-48A3-99E9-02860FC0D18E}.Debug|Any CPU.Build.0 = Debug|Any CPU
		{453485FC-B3A0-48A3-99E9-02860FC0D18E}.Release|Any CPU.ActiveCfg = Release|Any CPU
		{453485FC-B3A0-48A3-99E9-02860FC0D18E}.Release|Any CPU.Build.0 = Release|Any CPU
		{D9AB7BAC-B475-4239-B3A5-D4EAFEBA2A85}.Debug|Any CPU.ActiveCfg = Debug|Any CPU
		{D9AB7BAC-B475-4239-B3A5-D4EAFEBA2A85}.Debug|Any CPU.Build.0 = Debug|Any CPU
		{D9AB7BAC-B475-4239-B3A5-D4EAFEBA2A85}.Release|Any CPU.ActiveCfg = Release|Any CPU
		{D9AB7BAC-B475-4239-B3A5-D4EAFEBA2A85}.Release|Any CPU.Build.0 = Release|Any CPU
		{A58DB32F-BE1A-4843-A455-9DF1960EEE62}.Debug|Any CPU.ActiveCfg = Debug|Any CPU
		{A58DB32F-BE1A-4843-A455-9DF1960EEE62}.Debug|Any CPU.Build.0 = Debug|Any CPU
		{A58DB32F-BE1A-4843-A455-9DF1960EEE62}.Release|Any CPU.ActiveCfg = Release|Any CPU
		{A58DB32F-BE1A-4843-A455-9DF1960EEE62}.Release|Any CPU.Build.0 = Release|Any CPU
	EndGlobalSection
	GlobalSection(SolutionProperties) = preSolution
		HideSolutionNode = FALSE
	EndGlobalSection
	GlobalSection(ExtensibilityGlobals) = postSolution
		SolutionGuid = {56567B4D-63D0-4727-9A06-A311340FC84B}
	EndGlobalSection
EndGlobal
